// !$*UTF8*$!
{
	archiveVersion = 1;
	classes = {
	};
	objectVersion = 46;
	objects = {

/* Begin PBXBuildFile section */
		15E8B9071A8340FF004E1366 /* FinalPageViewController.swift in Sources */ = {isa = PBXBuildFile; fileRef = 15E8B9061A8340FF004E1366 /* FinalPageViewController.swift */; };
		820C85CD1A7F584D00ADBF7B /* InitialViewController.swift in Sources */ = {isa = PBXBuildFile; fileRef = 829DC1651A7B3E1F00CD6187 /* InitialViewController.swift */; };
		8220B46F1A7C775A00E53553 /* Bolts.framework in Frameworks */ = {isa = PBXBuildFile; fileRef = 8220B46D1A7C775A00E53553 /* Bolts.framework */; };
		8220B4701A7C775A00E53553 /* Bolts.framework in Frameworks */ = {isa = PBXBuildFile; fileRef = 8220B46D1A7C775A00E53553 /* Bolts.framework */; };
		8220B4711A7C775A00E53553 /* Parse.framework in Frameworks */ = {isa = PBXBuildFile; fileRef = 8220B46E1A7C775A00E53553 /* Parse.framework */; };
		8220B4721A7C775A00E53553 /* Parse.framework in Frameworks */ = {isa = PBXBuildFile; fileRef = 8220B46E1A7C775A00E53553 /* Parse.framework */; };
		829DC1641A7B3E1F00CD6187 /* AppDelegate.swift in Sources */ = {isa = PBXBuildFile; fileRef = 829DC1631A7B3E1F00CD6187 /* AppDelegate.swift */; };
		829DC1661A7B3E1F00CD6187 /* InitialViewController.swift in Sources */ = {isa = PBXBuildFile; fileRef = 829DC1651A7B3E1F00CD6187 /* InitialViewController.swift */; };
		829DC1691A7B3E1F00CD6187 /* Main.storyboard in Resources */ = {isa = PBXBuildFile; fileRef = 829DC1671A7B3E1F00CD6187 /* Main.storyboard */; };
		829DC16B1A7B3E1F00CD6187 /* Images.xcassets in Resources */ = {isa = PBXBuildFile; fileRef = 829DC16A1A7B3E1F00CD6187 /* Images.xcassets */; };
		829DC17A1A7B3E1F00CD6187 /* VIPPTests.swift in Sources */ = {isa = PBXBuildFile; fileRef = 829DC1791A7B3E1F00CD6187 /* VIPPTests.swift */; };
		829DC18A1A7B3E6D00CD6187 /* ParseFacebookUtils.framework in Frameworks */ = {isa = PBXBuildFile; fileRef = 829DC1851A7B3E6D00CD6187 /* ParseFacebookUtils.framework */; };
		829DC18B1A7B3E6D00CD6187 /* ParseFacebookUtils.framework in Frameworks */ = {isa = PBXBuildFile; fileRef = 829DC1851A7B3E6D00CD6187 /* ParseFacebookUtils.framework */; };
		829DC18E1A7B3E7A00CD6187 /* QuartzCore.framework in Frameworks */ = {isa = PBXBuildFile; fileRef = 829DC18D1A7B3E7A00CD6187 /* QuartzCore.framework */; };
		829DC1901A7B3E8200CD6187 /* Social.framework in Frameworks */ = {isa = PBXBuildFile; fileRef = 829DC18F1A7B3E8200CD6187 /* Social.framework */; };
		829DC1921A7B3E9700CD6187 /* SystemConfiguration.framework in Frameworks */ = {isa = PBXBuildFile; fileRef = 829DC1911A7B3E9700CD6187 /* SystemConfiguration.framework */; };
		829DC1961A7B3EA000CD6187 /* Security.framework in Frameworks */ = {isa = PBXBuildFile; fileRef = 829DC1951A7B3EA000CD6187 /* Security.framework */; };
		829DC1981A7B3EAC00CD6187 /* CFNetwork.framework in Frameworks */ = {isa = PBXBuildFile; fileRef = 829DC1971A7B3EAC00CD6187 /* CFNetwork.framework */; };
		829DC19A1A7B3EB100CD6187 /* CoreGraphics.framework in Frameworks */ = {isa = PBXBuildFile; fileRef = 829DC1991A7B3EB100CD6187 /* CoreGraphics.framework */; };
		829DC19C1A7B3EB500CD6187 /* AudioToolbox.framework in Frameworks */ = {isa = PBXBuildFile; fileRef = 829DC19B1A7B3EB500CD6187 /* AudioToolbox.framework */; };
		829DC19E1A7B3EBA00CD6187 /* MobileCoreServices.framework in Frameworks */ = {isa = PBXBuildFile; fileRef = 829DC19D1A7B3EBA00CD6187 /* MobileCoreServices.framework */; };
		829DC1A01A7B3EBF00CD6187 /* CoreLocation.framework in Frameworks */ = {isa = PBXBuildFile; fileRef = 829DC19F1A7B3EBF00CD6187 /* CoreLocation.framework */; };
		829DC1A21A7B3EC400CD6187 /* CoreAudio.framework in Frameworks */ = {isa = PBXBuildFile; fileRef = 829DC1A11A7B3EC400CD6187 /* CoreAudio.framework */; };
		829DC1A41A7B3ECE00CD6187 /* Accounts.framework in Frameworks */ = {isa = PBXBuildFile; fileRef = 829DC1A31A7B3ECE00CD6187 /* Accounts.framework */; };
		829DC1A61A7B3EEE00CD6187 /* libz.dylib in Frameworks */ = {isa = PBXBuildFile; fileRef = 829DC1A51A7B3EEE00CD6187 /* libz.dylib */; };
		829DC1A81A7B3EF600CD6187 /* libsqlite3.dylib in Frameworks */ = {isa = PBXBuildFile; fileRef = 829DC1A71A7B3EF600CD6187 /* libsqlite3.dylib */; };
		829DC1B21A7B42B500CD6187 /* FacebookSDK.framework in Frameworks */ = {isa = PBXBuildFile; fileRef = 829DC1B11A7B42B500CD6187 /* FacebookSDK.framework */; };
		829DC1B31A7B42B500CD6187 /* FacebookSDK.framework in Frameworks */ = {isa = PBXBuildFile; fileRef = 829DC1B11A7B42B500CD6187 /* FacebookSDK.framework */; };
		829DC1B61A7B442600CD6187 /* VIPP_ALL.storyboard in Resources */ = {isa = PBXBuildFile; fileRef = 829DC1B41A7B442600CD6187 /* VIPP_ALL.storyboard */; };
		82AC17001A7C749D0065387F /* SignUpViewController.swift in Sources */ = {isa = PBXBuildFile; fileRef = 82AC16FF1A7C749D0065387F /* SignUpViewController.swift */; };
		82AC17011A7C749D0065387F /* SignUpViewController.swift in Sources */ = {isa = PBXBuildFile; fileRef = 82AC16FF1A7C749D0065387F /* SignUpViewController.swift */; };
		82C716901A7D69CC004DEA94 /* SignUpTableCells.swift in Sources */ = {isa = PBXBuildFile; fileRef = 82C7168F1A7D69CC004DEA94 /* SignUpTableCells.swift */; };
		82C716911A7D69CC004DEA94 /* SignUpTableCells.swift in Sources */ = {isa = PBXBuildFile; fileRef = 82C7168F1A7D69CC004DEA94 /* SignUpTableCells.swift */; };
		82C7B3F21A7F13400088EC2B /* Extensions.swift in Sources */ = {isa = PBXBuildFile; fileRef = 82C7B3F11A7F13400088EC2B /* Extensions.swift */; };
		82C7B3F31A7F15A10088EC2B /* Extensions.swift in Sources */ = {isa = PBXBuildFile; fileRef = 82C7B3F11A7F13400088EC2B /* Extensions.swift */; };
		82E2A5581A869E8E004C4795 /* LoginViewController.swift in Sources */ = {isa = PBXBuildFile; fileRef = 82E2A5571A869E8E004C4795 /* LoginViewController.swift */; };
		82E2A5591A869E93004C4795 /* LoginViewController.swift in Sources */ = {isa = PBXBuildFile; fileRef = 82E2A5571A869E8E004C4795 /* LoginViewController.swift */; };
		82E2A55B1A86AF70004C4795 /* DatePicker.swift in Sources */ = {isa = PBXBuildFile; fileRef = 82E2A55A1A86AF70004C4795 /* DatePicker.swift */; };
		82E2A55C1A86AF70004C4795 /* DatePicker.swift in Sources */ = {isa = PBXBuildFile; fileRef = 82E2A55A1A86AF70004C4795 /* DatePicker.swift */; };
/* End PBXBuildFile section */

/* Begin PBXContainerItemProxy section */
		829DC1741A7B3E1F00CD6187 /* PBXContainerItemProxy */ = {
			isa = PBXContainerItemProxy;
			containerPortal = 829DC1561A7B3E1F00CD6187 /* Project object */;
			proxyType = 1;
			remoteGlobalIDString = 829DC15D1A7B3E1F00CD6187;
			remoteInfo = VIPP;
		};
/* End PBXContainerItemProxy section */

/* Begin PBXFileReference section */
		15E8B9061A8340FF004E1366 /* FinalPageViewController.swift */ = {isa = PBXFileReference; fileEncoding = 4; lastKnownFileType = sourcecode.swift; path = FinalPageViewController.swift; sourceTree = "<group>"; };
		8220B46D1A7C775A00E53553 /* Bolts.framework */ = {isa = PBXFileReference; lastKnownFileType = wrapper.framework; path = Bolts.framework; sourceTree = "<group>"; };
		8220B46E1A7C775A00E53553 /* Parse.framework */ = {isa = PBXFileReference; lastKnownFileType = wrapper.framework; path = Parse.framework; sourceTree = "<group>"; };
		829DC15E1A7B3E1F00CD6187 /* VIPP.app */ = {isa = PBXFileReference; explicitFileType = wrapper.application; includeInIndex = 0; path = VIPP.app; sourceTree = BUILT_PRODUCTS_DIR; };
		829DC1621A7B3E1F00CD6187 /* Info.plist */ = {isa = PBXFileReference; lastKnownFileType = text.plist.xml; path = Info.plist; sourceTree = "<group>"; };
		829DC1631A7B3E1F00CD6187 /* AppDelegate.swift */ = {isa = PBXFileReference; lastKnownFileType = sourcecode.swift; path = AppDelegate.swift; sourceTree = "<group>"; };
		829DC1651A7B3E1F00CD6187 /* InitialViewController.swift */ = {isa = PBXFileReference; lastKnownFileType = sourcecode.swift; path = InitialViewController.swift; sourceTree = "<group>"; };
		829DC1681A7B3E1F00CD6187 /* Base */ = {isa = PBXFileReference; lastKnownFileType = file.storyboard; name = Base; path = Base.lproj/Main.storyboard; sourceTree = "<group>"; };
		829DC16A1A7B3E1F00CD6187 /* Images.xcassets */ = {isa = PBXFileReference; lastKnownFileType = folder.assetcatalog; path = Images.xcassets; sourceTree = "<group>"; };
		829DC1731A7B3E1F00CD6187 /* VIPPTests.xctest */ = {isa = PBXFileReference; explicitFileType = wrapper.cfbundle; includeInIndex = 0; path = VIPPTests.xctest; sourceTree = BUILT_PRODUCTS_DIR; };
		829DC1781A7B3E1F00CD6187 /* Info.plist */ = {isa = PBXFileReference; lastKnownFileType = text.plist.xml; path = Info.plist; sourceTree = "<group>"; };
		829DC1791A7B3E1F00CD6187 /* VIPPTests.swift */ = {isa = PBXFileReference; lastKnownFileType = sourcecode.swift; path = VIPPTests.swift; sourceTree = "<group>"; };
		829DC1851A7B3E6D00CD6187 /* ParseFacebookUtils.framework */ = {isa = PBXFileReference; lastKnownFileType = wrapper.framework; path = ParseFacebookUtils.framework; sourceTree = "<group>"; };
		829DC18D1A7B3E7A00CD6187 /* QuartzCore.framework */ = {isa = PBXFileReference; lastKnownFileType = wrapper.framework; name = QuartzCore.framework; path = System/Library/Frameworks/QuartzCore.framework; sourceTree = SDKROOT; };
		829DC18F1A7B3E8200CD6187 /* Social.framework */ = {isa = PBXFileReference; lastKnownFileType = wrapper.framework; name = Social.framework; path = System/Library/Frameworks/Social.framework; sourceTree = SDKROOT; };
		829DC1911A7B3E9700CD6187 /* SystemConfiguration.framework */ = {isa = PBXFileReference; lastKnownFileType = wrapper.framework; name = SystemConfiguration.framework; path = System/Library/Frameworks/SystemConfiguration.framework; sourceTree = SDKROOT; };
		829DC1951A7B3EA000CD6187 /* Security.framework */ = {isa = PBXFileReference; lastKnownFileType = wrapper.framework; name = Security.framework; path = System/Library/Frameworks/Security.framework; sourceTree = SDKROOT; };
		829DC1971A7B3EAC00CD6187 /* CFNetwork.framework */ = {isa = PBXFileReference; lastKnownFileType = wrapper.framework; name = CFNetwork.framework; path = System/Library/Frameworks/CFNetwork.framework; sourceTree = SDKROOT; };
		829DC1991A7B3EB100CD6187 /* CoreGraphics.framework */ = {isa = PBXFileReference; lastKnownFileType = wrapper.framework; name = CoreGraphics.framework; path = System/Library/Frameworks/CoreGraphics.framework; sourceTree = SDKROOT; };
		829DC19B1A7B3EB500CD6187 /* AudioToolbox.framework */ = {isa = PBXFileReference; lastKnownFileType = wrapper.framework; name = AudioToolbox.framework; path = System/Library/Frameworks/AudioToolbox.framework; sourceTree = SDKROOT; };
		829DC19D1A7B3EBA00CD6187 /* MobileCoreServices.framework */ = {isa = PBXFileReference; lastKnownFileType = wrapper.framework; name = MobileCoreServices.framework; path = System/Library/Frameworks/MobileCoreServices.framework; sourceTree = SDKROOT; };
		829DC19F1A7B3EBF00CD6187 /* CoreLocation.framework */ = {isa = PBXFileReference; lastKnownFileType = wrapper.framework; name = CoreLocation.framework; path = System/Library/Frameworks/CoreLocation.framework; sourceTree = SDKROOT; };
		829DC1A11A7B3EC400CD6187 /* CoreAudio.framework */ = {isa = PBXFileReference; lastKnownFileType = wrapper.framework; name = CoreAudio.framework; path = System/Library/Frameworks/CoreAudio.framework; sourceTree = SDKROOT; };
		829DC1A31A7B3ECE00CD6187 /* Accounts.framework */ = {isa = PBXFileReference; lastKnownFileType = wrapper.framework; name = Accounts.framework; path = System/Library/Frameworks/Accounts.framework; sourceTree = SDKROOT; };
		829DC1A51A7B3EEE00CD6187 /* libz.dylib */ = {isa = PBXFileReference; lastKnownFileType = "compiled.mach-o.dylib"; name = libz.dylib; path = usr/lib/libz.dylib; sourceTree = SDKROOT; };
		829DC1A71A7B3EF600CD6187 /* libsqlite3.dylib */ = {isa = PBXFileReference; lastKnownFileType = "compiled.mach-o.dylib"; name = libsqlite3.dylib; path = usr/lib/libsqlite3.dylib; sourceTree = SDKROOT; };
		829DC1AC1A7B407B00CD6187 /* VIPP-Bridging-Header.h */ = {isa = PBXFileReference; lastKnownFileType = sourcecode.c.h; path = "VIPP-Bridging-Header.h"; sourceTree = "<group>"; };
		829DC1AD1A7B407B00CD6187 /* VIPPTests-Bridging-Header.h */ = {isa = PBXFileReference; lastKnownFileType = sourcecode.c.h; name = "VIPPTests-Bridging-Header.h"; path = "../VIPP/VIPPTests-Bridging-Header.h"; sourceTree = "<group>"; };
		829DC1B11A7B42B500CD6187 /* FacebookSDK.framework */ = {isa = PBXFileReference; lastKnownFileType = wrapper.framework; path = FacebookSDK.framework; sourceTree = "<group>"; };
		829DC1B41A7B442600CD6187 /* VIPP_ALL.storyboard */ = {isa = PBXFileReference; fileEncoding = 4; lastKnownFileType = file.storyboard; path = VIPP_ALL.storyboard; sourceTree = "<group>"; };
		82AC16FF1A7C749D0065387F /* SignUpViewController.swift */ = {isa = PBXFileReference; fileEncoding = 4; lastKnownFileType = sourcecode.swift; path = SignUpViewController.swift; sourceTree = "<group>"; };
		82C7168F1A7D69CC004DEA94 /* SignUpTableCells.swift */ = {isa = PBXFileReference; fileEncoding = 4; lastKnownFileType = sourcecode.swift; path = SignUpTableCells.swift; sourceTree = "<group>"; };
		82C7B3F11A7F13400088EC2B /* Extensions.swift */ = {isa = PBXFileReference; fileEncoding = 4; lastKnownFileType = sourcecode.swift; path = Extensions.swift; sourceTree = "<group>"; };
		82E2A5571A869E8E004C4795 /* LoginViewController.swift */ = {isa = PBXFileReference; fileEncoding = 4; lastKnownFileType = sourcecode.swift; path = LoginViewController.swift; sourceTree = "<group>"; };
		82E2A55A1A86AF70004C4795 /* DatePicker.swift */ = {isa = PBXFileReference; fileEncoding = 4; lastKnownFileType = sourcecode.swift; path = DatePicker.swift; sourceTree = "<group>"; };
/* End PBXFileReference section */

/* Begin PBXFrameworksBuildPhase section */
		829DC15B1A7B3E1F00CD6187 /* Frameworks */ = {
			isa = PBXFrameworksBuildPhase;
			buildActionMask = 2147483647;
			files = (
				829DC1A81A7B3EF600CD6187 /* libsqlite3.dylib in Frameworks */,
				829DC1B21A7B42B500CD6187 /* FacebookSDK.framework in Frameworks */,
				829DC1A61A7B3EEE00CD6187 /* libz.dylib in Frameworks */,
				829DC1A41A7B3ECE00CD6187 /* Accounts.framework in Frameworks */,
				829DC1A21A7B3EC400CD6187 /* CoreAudio.framework in Frameworks */,
				829DC1A01A7B3EBF00CD6187 /* CoreLocation.framework in Frameworks */,
				8220B4711A7C775A00E53553 /* Parse.framework in Frameworks */,
				829DC19E1A7B3EBA00CD6187 /* MobileCoreServices.framework in Frameworks */,
				829DC19C1A7B3EB500CD6187 /* AudioToolbox.framework in Frameworks */,
				829DC19A1A7B3EB100CD6187 /* CoreGraphics.framework in Frameworks */,
				829DC1981A7B3EAC00CD6187 /* CFNetwork.framework in Frameworks */,
				829DC18E1A7B3E7A00CD6187 /* QuartzCore.framework in Frameworks */,
				829DC1961A7B3EA000CD6187 /* Security.framework in Frameworks */,
				829DC1921A7B3E9700CD6187 /* SystemConfiguration.framework in Frameworks */,
				829DC1901A7B3E8200CD6187 /* Social.framework in Frameworks */,
				829DC18A1A7B3E6D00CD6187 /* ParseFacebookUtils.framework in Frameworks */,
				8220B46F1A7C775A00E53553 /* Bolts.framework in Frameworks */,
			);
			runOnlyForDeploymentPostprocessing = 0;
		};
		829DC1701A7B3E1F00CD6187 /* Frameworks */ = {
			isa = PBXFrameworksBuildPhase;
			buildActionMask = 2147483647;
			files = (
				8220B4701A7C775A00E53553 /* Bolts.framework in Frameworks */,
				829DC1B31A7B42B500CD6187 /* FacebookSDK.framework in Frameworks */,
				8220B4721A7C775A00E53553 /* Parse.framework in Frameworks */,
				829DC18B1A7B3E6D00CD6187 /* ParseFacebookUtils.framework in Frameworks */,
			);
			runOnlyForDeploymentPostprocessing = 0;
		};
/* End PBXFrameworksBuildPhase section */

/* Begin PBXGroup section */
		829DC1551A7B3E1F00CD6187 = {
			isa = PBXGroup;
			children = (
				829DC1601A7B3E1F00CD6187 /* VIPP */,
				829DC1761A7B3E1F00CD6187 /* VIPPTests */,
				829DC15F1A7B3E1F00CD6187 /* Products */,
				829DC18C1A7B3E7100CD6187 /* Frameworks */,
			);
			sourceTree = "<group>";
		};
		829DC15F1A7B3E1F00CD6187 /* Products */ = {
			isa = PBXGroup;
			children = (
				829DC15E1A7B3E1F00CD6187 /* VIPP.app */,
				829DC1731A7B3E1F00CD6187 /* VIPPTests.xctest */,
			);
			name = Products;
			sourceTree = "<group>";
		};
		829DC1601A7B3E1F00CD6187 /* VIPP */ = {
			isa = PBXGroup;
			children = (
				829DC1631A7B3E1F00CD6187 /* AppDelegate.swift */,
				82C7B3F11A7F13400088EC2B /* Extensions.swift */,
				829DC1671A7B3E1F00CD6187 /* Main.storyboard */,
				829DC1651A7B3E1F00CD6187 /* InitialViewController.swift */,
				82AC16FF1A7C749D0065387F /* SignUpViewController.swift */,
				82E2A5571A869E8E004C4795 /* LoginViewController.swift */,
				829DC1B41A7B442600CD6187 /* VIPP_ALL.storyboard */,
				829DC16A1A7B3E1F00CD6187 /* Images.xcassets */,
				82C7168F1A7D69CC004DEA94 /* SignUpTableCells.swift */,
				82E2A55A1A86AF70004C4795 /* DatePicker.swift */,
				829DC1611A7B3E1F00CD6187 /* Supporting Files */,
				15E8B9061A8340FF004E1366 /* FinalPageViewController.swift */,
			);
			path = VIPP;
			sourceTree = "<group>";
		};
		829DC1611A7B3E1F00CD6187 /* Supporting Files */ = {
			isa = PBXGroup;
			children = (
				829DC1AC1A7B407B00CD6187 /* VIPP-Bridging-Header.h */,
				829DC1621A7B3E1F00CD6187 /* Info.plist */,
			);
			name = "Supporting Files";
			sourceTree = "<group>";
		};
		829DC1761A7B3E1F00CD6187 /* VIPPTests */ = {
			isa = PBXGroup;
			children = (
				829DC1AD1A7B407B00CD6187 /* VIPPTests-Bridging-Header.h */,
				829DC1791A7B3E1F00CD6187 /* VIPPTests.swift */,
				829DC1771A7B3E1F00CD6187 /* Supporting Files */,
			);
			path = VIPPTests;
			sourceTree = "<group>";
		};
		829DC1771A7B3E1F00CD6187 /* Supporting Files */ = {
			isa = PBXGroup;
			children = (
				829DC1781A7B3E1F00CD6187 /* Info.plist */,
			);
			name = "Supporting Files";
			sourceTree = "<group>";
		};
		829DC18C1A7B3E7100CD6187 /* Frameworks */ = {
			isa = PBXGroup;
			children = (
				829DC1A71A7B3EF600CD6187 /* libsqlite3.dylib */,
				829DC1A51A7B3EEE00CD6187 /* libz.dylib */,
				8220B46D1A7C775A00E53553 /* Bolts.framework */,
				8220B46E1A7C775A00E53553 /* Parse.framework */,
				829DC1A31A7B3ECE00CD6187 /* Accounts.framework */,
				829DC1A11A7B3EC400CD6187 /* CoreAudio.framework */,
				829DC19F1A7B3EBF00CD6187 /* CoreLocation.framework */,
				829DC19D1A7B3EBA00CD6187 /* MobileCoreServices.framework */,
				829DC19B1A7B3EB500CD6187 /* AudioToolbox.framework */,
				829DC1991A7B3EB100CD6187 /* CoreGraphics.framework */,
				829DC1971A7B3EAC00CD6187 /* CFNetwork.framework */,
				829DC1951A7B3EA000CD6187 /* Security.framework */,
				829DC1911A7B3E9700CD6187 /* SystemConfiguration.framework */,
				829DC1B11A7B42B500CD6187 /* FacebookSDK.framework */,
				829DC18F1A7B3E8200CD6187 /* Social.framework */,
				829DC18D1A7B3E7A00CD6187 /* QuartzCore.framework */,
				829DC1851A7B3E6D00CD6187 /* ParseFacebookUtils.framework */,
			);
			name = Frameworks;
			sourceTree = "<group>";
		};
/* End PBXGroup section */

/* Begin PBXNativeTarget section */
		829DC15D1A7B3E1F00CD6187 /* VIPP */ = {
			isa = PBXNativeTarget;
			buildConfigurationList = 829DC17D1A7B3E1F00CD6187 /* Build configuration list for PBXNativeTarget "VIPP" */;
			buildPhases = (
				829DC15A1A7B3E1F00CD6187 /* Sources */,
				829DC15B1A7B3E1F00CD6187 /* Frameworks */,
				829DC15C1A7B3E1F00CD6187 /* Resources */,
			);
			buildRules = (
			);
			dependencies = (
			);
			name = VIPP;
			productName = VIPP;
			productReference = 829DC15E1A7B3E1F00CD6187 /* VIPP.app */;
			productType = "com.apple.product-type.application";
		};
		829DC1721A7B3E1F00CD6187 /* VIPPTests */ = {
			isa = PBXNativeTarget;
			buildConfigurationList = 829DC1801A7B3E1F00CD6187 /* Build configuration list for PBXNativeTarget "VIPPTests" */;
			buildPhases = (
				829DC16F1A7B3E1F00CD6187 /* Sources */,
				829DC1701A7B3E1F00CD6187 /* Frameworks */,
				829DC1711A7B3E1F00CD6187 /* Resources */,
			);
			buildRules = (
			);
			dependencies = (
				829DC1751A7B3E1F00CD6187 /* PBXTargetDependency */,
			);
			name = VIPPTests;
			productName = VIPPTests;
			productReference = 829DC1731A7B3E1F00CD6187 /* VIPPTests.xctest */;
			productType = "com.apple.product-type.bundle.unit-test";
		};
/* End PBXNativeTarget section */

/* Begin PBXProject section */
		829DC1561A7B3E1F00CD6187 /* Project object */ = {
			isa = PBXProject;
			attributes = {
				LastUpgradeCheck = 0620;
				ORGANIZATIONNAME = VIPP;
				TargetAttributes = {
					829DC15D1A7B3E1F00CD6187 = {
						CreatedOnToolsVersion = 6.2;
						DevelopmentTeam = Y7CAGCHT9U;
						SystemCapabilities = {
							com.apple.InAppPurchase = {
								enabled = 0;
							};
						};
					};
					829DC1721A7B3E1F00CD6187 = {
						CreatedOnToolsVersion = 6.2;
						TestTargetID = 829DC15D1A7B3E1F00CD6187;
					};
				};
			};
			buildConfigurationList = 829DC1591A7B3E1F00CD6187 /* Build configuration list for PBXProject "VIPP" */;
			compatibilityVersion = "Xcode 3.2";
			developmentRegion = English;
			hasScannedForEncodings = 0;
			knownRegions = (
				en,
				Base,
			);
			mainGroup = 829DC1551A7B3E1F00CD6187;
			productRefGroup = 829DC15F1A7B3E1F00CD6187 /* Products */;
			projectDirPath = "";
			projectRoot = "";
			targets = (
				829DC15D1A7B3E1F00CD6187 /* VIPP */,
				829DC1721A7B3E1F00CD6187 /* VIPPTests */,
			);
		};
/* End PBXProject section */

/* Begin PBXResourcesBuildPhase section */
		829DC15C1A7B3E1F00CD6187 /* Resources */ = {
			isa = PBXResourcesBuildPhase;
			buildActionMask = 2147483647;
			files = (
				829DC1691A7B3E1F00CD6187 /* Main.storyboard in Resources */,
				829DC16B1A7B3E1F00CD6187 /* Images.xcassets in Resources */,
			);
			runOnlyForDeploymentPostprocessing = 0;
		};
		829DC1711A7B3E1F00CD6187 /* Resources */ = {
			isa = PBXResourcesBuildPhase;
			buildActionMask = 2147483647;
			files = (
				829DC1B61A7B442600CD6187 /* VIPP_ALL.storyboard in Resources */,
			);
			runOnlyForDeploymentPostprocessing = 0;
		};
/* End PBXResourcesBuildPhase section */

/* Begin PBXSourcesBuildPhase section */
		829DC15A1A7B3E1F00CD6187 /* Sources */ = {
			isa = PBXSourcesBuildPhase;
			buildActionMask = 2147483647;
			files = (
				82E2A5581A869E8E004C4795 /* LoginViewController.swift in Sources */,
				82C7B3F21A7F13400088EC2B /* Extensions.swift in Sources */,
				82AC17001A7C749D0065387F /* SignUpViewController.swift in Sources */,
				829DC1661A7B3E1F00CD6187 /* InitialViewController.swift in Sources */,
				82C716901A7D69CC004DEA94 /* SignUpTableCells.swift in Sources */,
				15E8B9071A8340FF004E1366 /* FinalPageViewController.swift in Sources */,
				829DC1641A7B3E1F00CD6187 /* AppDelegate.swift in Sources */,
				82E2A55B1A86AF70004C4795 /* DatePicker.swift in Sources */,
			);
			runOnlyForDeploymentPostprocessing = 0;
		};
		829DC16F1A7B3E1F00CD6187 /* Sources */ = {
			isa = PBXSourcesBuildPhase;
			buildActionMask = 2147483647;
			files = (
				82E2A5591A869E93004C4795 /* LoginViewController.swift in Sources */,
				82E2A55C1A86AF70004C4795 /* DatePicker.swift in Sources */,
				82C716911A7D69CC004DEA94 /* SignUpTableCells.swift in Sources */,
				82AC17011A7C749D0065387F /* SignUpViewController.swift in Sources */,
				829DC17A1A7B3E1F00CD6187 /* VIPPTests.swift in Sources */,
				820C85CD1A7F584D00ADBF7B /* InitialViewController.swift in Sources */,
				82C7B3F31A7F15A10088EC2B /* Extensions.swift in Sources */,
			);
			runOnlyForDeploymentPostprocessing = 0;
		};
/* End PBXSourcesBuildPhase section */

/* Begin PBXTargetDependency section */
		829DC1751A7B3E1F00CD6187 /* PBXTargetDependency */ = {
			isa = PBXTargetDependency;
			target = 829DC15D1A7B3E1F00CD6187 /* VIPP */;
			targetProxy = 829DC1741A7B3E1F00CD6187 /* PBXContainerItemProxy */;
		};
/* End PBXTargetDependency section */

/* Begin PBXVariantGroup section */
		829DC1671A7B3E1F00CD6187 /* Main.storyboard */ = {
			isa = PBXVariantGroup;
			children = (
				829DC1681A7B3E1F00CD6187 /* Base */,
			);
			name = Main.storyboard;
			sourceTree = "<group>";
		};
/* End PBXVariantGroup section */

/* Begin XCBuildConfiguration section */
		829DC17B1A7B3E1F00CD6187 /* Debug */ = {
			isa = XCBuildConfiguration;
			buildSettings = {
				ALWAYS_SEARCH_USER_PATHS = NO;
				CLANG_CXX_LANGUAGE_STANDARD = "gnu++0x";
				CLANG_CXX_LIBRARY = "libc++";
				CLANG_ENABLE_MODULES = YES;
				CLANG_ENABLE_OBJC_ARC = YES;
				CLANG_WARN_BOOL_CONVERSION = YES;
				CLANG_WARN_CONSTANT_CONVERSION = YES;
				CLANG_WARN_DIRECT_OBJC_ISA_USAGE = YES_ERROR;
				CLANG_WARN_EMPTY_BODY = YES;
				CLANG_WARN_ENUM_CONVERSION = YES;
				CLANG_WARN_INT_CONVERSION = YES;
				CLANG_WARN_OBJC_ROOT_CLASS = YES_ERROR;
				CLANG_WARN_UNREACHABLE_CODE = YES;
				CLANG_WARN__DUPLICATE_METHOD_MATCH = YES;
				"CODE_SIGN_IDENTITY[sdk=iphoneos*]" = "iPhone Developer";
				COPY_PHASE_STRIP = NO;
				ENABLE_STRICT_OBJC_MSGSEND = YES;
				GCC_C_LANGUAGE_STANDARD = gnu99;
				GCC_DYNAMIC_NO_PIC = NO;
				GCC_OPTIMIZATION_LEVEL = 0;
				GCC_PREPROCESSOR_DEFINITIONS = (
					"DEBUG=1",
					"$(inherited)",
				);
				GCC_SYMBOLS_PRIVATE_EXTERN = NO;
				GCC_WARN_64_TO_32_BIT_CONVERSION = YES;
				GCC_WARN_ABOUT_RETURN_TYPE = YES_ERROR;
				GCC_WARN_UNDECLARED_SELECTOR = YES;
				GCC_WARN_UNINITIALIZED_AUTOS = YES_AGGRESSIVE;
				GCC_WARN_UNUSED_FUNCTION = YES;
				GCC_WARN_UNUSED_VARIABLE = YES;
				IPHONEOS_DEPLOYMENT_TARGET = 8.2;
				MTL_ENABLE_DEBUG_INFO = YES;
				ONLY_ACTIVE_ARCH = YES;
				SDKROOT = iphoneos;
				SWIFT_OPTIMIZATION_LEVEL = "-Onone";
				TARGETED_DEVICE_FAMILY = "1,2";
			};
			name = Debug;
		};
		829DC17C1A7B3E1F00CD6187 /* Release */ = {
			isa = XCBuildConfiguration;
			buildSettings = {
				ALWAYS_SEARCH_USER_PATHS = NO;
				CLANG_CXX_LANGUAGE_STANDARD = "gnu++0x";
				CLANG_CXX_LIBRARY = "libc++";
				CLANG_ENABLE_MODULES = YES;
				CLANG_ENABLE_OBJC_ARC = YES;
				CLANG_WARN_BOOL_CONVERSION = YES;
				CLANG_WARN_CONSTANT_CONVERSION = YES;
				CLANG_WARN_DIRECT_OBJC_ISA_USAGE = YES_ERROR;
				CLANG_WARN_EMPTY_BODY = YES;
				CLANG_WARN_ENUM_CONVERSION = YES;
				CLANG_WARN_INT_CONVERSION = YES;
				CLANG_WARN_OBJC_ROOT_CLASS = YES_ERROR;
				CLANG_WARN_UNREACHABLE_CODE = YES;
				CLANG_WARN__DUPLICATE_METHOD_MATCH = YES;
				"CODE_SIGN_IDENTITY[sdk=iphoneos*]" = "iPhone Developer";
				COPY_PHASE_STRIP = NO;
				ENABLE_NS_ASSERTIONS = NO;
				ENABLE_STRICT_OBJC_MSGSEND = YES;
				GCC_C_LANGUAGE_STANDARD = gnu99;
				GCC_WARN_64_TO_32_BIT_CONVERSION = YES;
				GCC_WARN_ABOUT_RETURN_TYPE = YES_ERROR;
				GCC_WARN_UNDECLARED_SELECTOR = YES;
				GCC_WARN_UNINITIALIZED_AUTOS = YES_AGGRESSIVE;
				GCC_WARN_UNUSED_FUNCTION = YES;
				GCC_WARN_UNUSED_VARIABLE = YES;
				IPHONEOS_DEPLOYMENT_TARGET = 8.2;
				MTL_ENABLE_DEBUG_INFO = NO;
				SDKROOT = iphoneos;
				TARGETED_DEVICE_FAMILY = "1,2";
				VALIDATE_PRODUCT = YES;
			};
			name = Release;
		};
		829DC17E1A7B3E1F00CD6187 /* Debug */ = {
			isa = XCBuildConfiguration;
			buildSettings = {
				ASSETCATALOG_COMPILER_APPICON_NAME = AppIcon;
				ASSETCATALOG_COMPILER_LAUNCHIMAGE_NAME = LaunchImage;
				CLANG_ENABLE_MODULES = YES;
				CODE_SIGN_IDENTITY = "iPhone Developer";
				"CODE_SIGN_IDENTITY[sdk=iphoneos*]" = "iPhone Developer";
				FRAMEWORK_SEARCH_PATHS = (
					"$(inherited)",
					"$(PROJECT_DIR)",
				);
				INFOPLIST_FILE = VIPP/Info.plist;
				IPHONEOS_DEPLOYMENT_TARGET = 8.0;
				LD_RUNPATH_SEARCH_PATHS = "$(inherited) @executable_path/Frameworks";
				OTHER_LDFLAGS = "";
				PRODUCT_NAME = "$(TARGET_NAME)";
				PROVISIONING_PROFILE = "";
				SWIFT_OBJC_BRIDGING_HEADER = "VIPP/VIPP-Bridging-Header.h";
				SWIFT_OPTIMIZATION_LEVEL = "-Onone";
				TARGETED_DEVICE_FAMILY = "1,2";
			};
			name = Debug;
		};
		829DC17F1A7B3E1F00CD6187 /* Release */ = {
			isa = XCBuildConfiguration;
			buildSettings = {
				ASSETCATALOG_COMPILER_APPICON_NAME = AppIcon;
				ASSETCATALOG_COMPILER_LAUNCHIMAGE_NAME = LaunchImage;
				CLANG_ENABLE_MODULES = YES;
				CODE_SIGN_IDENTITY = "iPhone Developer";
				"CODE_SIGN_IDENTITY[sdk=iphoneos*]" = "iPhone Developer";
				FRAMEWORK_SEARCH_PATHS = (
					"$(inherited)",
					"$(PROJECT_DIR)",
				);
				INFOPLIST_FILE = VIPP/Info.plist;
				IPHONEOS_DEPLOYMENT_TARGET = 8.0;
				LD_RUNPATH_SEARCH_PATHS = "$(inherited) @executable_path/Frameworks";
				OTHER_LDFLAGS = "";
				PRODUCT_NAME = "$(TARGET_NAME)";
				PROVISIONING_PROFILE = "";
				SWIFT_OBJC_BRIDGING_HEADER = "VIPP/VIPP-Bridging-Header.h";
				TARGETED_DEVICE_FAMILY = "1,2";
			};
			name = Release;
		};
		829DC1811A7B3E1F00CD6187 /* Debug */ = {
			isa = XCBuildConfiguration;
			buildSettings = {
				BUNDLE_LOADER = "$(TEST_HOST)";
				CLANG_ENABLE_MODULES = YES;
				FRAMEWORK_SEARCH_PATHS = (
					"$(SDKROOT)/Developer/Library/Frameworks",
					"$(inherited)",
					"$(PROJECT_DIR)",
				);
				GCC_PREPROCESSOR_DEFINITIONS = (
					"DEBUG=1",
					"$(inherited)",
				);
				INFOPLIST_FILE = VIPPTests/Info.plist;
				LD_RUNPATH_SEARCH_PATHS = "$(inherited) @executable_path/Frameworks @loader_path/Frameworks";
				PRODUCT_NAME = "$(TARGET_NAME)";
				SWIFT_OBJC_BRIDGING_HEADER = "VIPP/VIPPTests-Bridging-Header.h";
				SWIFT_OPTIMIZATION_LEVEL = "-Onone";
				TEST_HOST = "$(BUILT_PRODUCTS_DIR)/VIPP.app/VIPP";
			};
			name = Debug;
		};
		829DC1821A7B3E1F00CD6187 /* Release */ = {
			isa = XCBuildConfiguration;
			buildSettings = {
				BUNDLE_LOADER = "$(TEST_HOST)";
				CLANG_ENABLE_MODULES = YES;
				FRAMEWORK_SEARCH_PATHS = (
					"$(SDKROOT)/Developer/Library/Frameworks",
					"$(inherited)",
					"$(PROJECT_DIR)",
				);
				INFOPLIST_FILE = VIPPTests/Info.plist;
				LD_RUNPATH_SEARCH_PATHS = "$(inherited) @executable_path/Frameworks @loader_path/Frameworks";
				PRODUCT_NAME = "$(TARGET_NAME)";
				SWIFT_OBJC_BRIDGING_HEADER = "VIPP/VIPPTests-Bridging-Header.h";
				TEST_HOST = "$(BUILT_PRODUCTS_DIR)/VIPP.app/VIPP";
			};
			name = Release;
		};
/* End XCBuildConfiguration section */

/* Begin XCConfigurationList section */
		829DC1591A7B3E1F00CD6187 /* Build configuration list for PBXProject "VIPP" */ = {
			isa = XCConfigurationList;
			buildConfigurations = (
				829DC17B1A7B3E1F00CD6187 /* Debug */,
				829DC17C1A7B3E1F00CD6187 /* Release */,
			);
			defaultConfigurationIsVisible = 0;
			defaultConfigurationName = Release;
		};
		829DC17D1A7B3E1F00CD6187 /* Build configuration list for PBXNativeTarget "VIPP" */ = {
			isa = XCConfigurationList;
			buildConfigurations = (
				829DC17E1A7B3E1F00CD6187 /* Debug */,
				829DC17F1A7B3E1F00CD6187 /* Release */,
			);
			defaultConfigurationIsVisible = 0;
			defaultConfigurationName = Release;
		};
		829DC1801A7B3E1F00CD6187 /* Build configuration list for PBXNativeTarget "VIPPTests" */ = {
			isa = XCConfigurationList;
			buildConfigurations = (
				829DC1811A7B3E1F00CD6187 /* Debug */,
				829DC1821A7B3E1F00CD6187 /* Release */,
			);
			defaultConfigurationIsVisible = 0;
			defaultConfigurationName = Release;
		};
/* End XCConfigurationList section */
	};
	rootObject = 829DC1561A7B3E1F00CD6187 /* Project object */;
}
